
Microsoft Visual Studio Solution File, Format Version 12.00
# 
Project("{FAE04EC0-301F-11D3-BF4B-00C04F79EFBC}") = "ebuild", "ebuild\ebuild.csproj", "{43026FE3-9D31-4D6A-90A7-EA9633D91618}"
EndProject
Project("{FAE04EC0-301F-11D3-BF4B-00C04F79EFBC}") = "ebuild.api", "ebuild.api\ebuild.api.csproj", "{DF5AE775-C7A3-4252-89FA-425407E1FD24}"
EndProject
Project("{FAE04EC0-301F-11D3-BF4B-00C04F79EFBC}") = "ebuild.Tests", "ebuild.Tests\ebuild.Tests.csproj", "{7692B2EE-0A86-48F5-A50C-728283575BF8}"
EndProject
Project("{FAE04EC0-301F-11D3-BF4B-00C04F79EFBC}") = "ebuild.cli", "ebuild.cli\ebuild.cli.csproj", "{F04C8896-560B-45E1-B251-690EB277FDB6}"
EndProject
Global
	GlobalSection(SolutionConfigurationPlatforms) = preSolution
		Debug|Any CPU = Debug|Any CPU
		Release|Any CPU = Release|Any CPU
	EndGlobalSection
	GlobalSection(ProjectConfigurationPlatforms) = postSolution
		{43026FE3-9D31-4D6A-90A7-EA9633D91618}.Debug|Any CPU.ActiveCfg = Debug|Any CPU
		{43026FE3-9D31-4D6A-90A7-EA9633D91618}.Debug|Any CPU.Build.0 = Debug|Any CPU
		{43026FE3-9D31-4D6A-90A7-EA9633D91618}.Release|Any CPU.ActiveCfg = Release|Any CPU
		{43026FE3-9D31-4D6A-90A7-EA9633D91618}.Release|Any CPU.Build.0 = Release|Any CPU
		{DF5AE775-C7A3-4252-89FA-425407E1FD24}.Debug|Any CPU.ActiveCfg = Debug|Any CPU
		{DF5AE775-C7A3-4252-89FA-425407E1FD24}.Debug|Any CPU.Build.0 = Debug|Any CPU
		{DF5AE775-C7A3-4252-89FA-425407E1FD24}.Release|Any CPU.ActiveCfg = Release|Any CPU
		{DF5AE775-C7A3-4252-89FA-425407E1FD24}.Release|Any CPU.Build.0 = Release|Any CPU
		{7692B2EE-0A86-48F5-A50C-728283575BF8}.Debug|Any CPU.ActiveCfg = Debug|Any CPU
		{7692B2EE-0A86-48F5-A50C-728283575BF8}.Debug|Any CPU.Build.0 = Debug|Any CPU
		{7692B2EE-0A86-48F5-A50C-728283575BF8}.Release|Any CPU.ActiveCfg = Release|Any CPU
		{7692B2EE-0A86-48F5-A50C-728283575BF8}.Release|Any CPU.Build.0 = Release|Any CPU
		{F04C8896-560B-45E1-B251-690EB277FDB6}.Debug|Any CPU.ActiveCfg = Debug|Any CPU
		{F04C8896-560B-45E1-B251-690EB277FDB6}.Debug|Any CPU.Build.0 = Debug|Any CPU
		{F04C8896-560B-45E1-B251-690EB277FDB6}.Release|Any CPU.ActiveCfg = Release|Any CPU
		{F04C8896-560B-45E1-B251-690EB277FDB6}.Release|Any CPU.Build.0 = Release|Any CPU
	EndGlobalSection
EndGlobal
